{
    "version": 3,
    "terraform_version": "0.11.1",
    "serial": 23,
    "lineage": "27749ce1-5e24-4299-a09b-bf5116c3e4b1",
    "modules": [
        {
            "path": [
                "root"
            ],
            "outputs": {
                "consul_server_asg_name": {
                    "sensitive": false,
                    "type": "string",
                    "value": "tf-asg-2017122015022578710000000a"
                }
            },
            "resources": {},
            "depends_on": []
        },
        {
            "path": [
                "root",
                "consul"
            ],
            "outputs": {
                "asg_name_clients": {
                    "sensitive": false,
                    "type": "string",
                    "value": "tf-asg-20171220150225738700000009"
                },
                "asg_name_servers": {
                    "sensitive": false,
                    "type": "string",
                    "value": "tf-asg-2017122015022578710000000a"
                },
                "aws_region": {
                    "sensitive": false,
                    "type": "string",
                    "value": "eu-west-2"
                },
                "consul_servers_cluster_tag_key": {
                    "sensitive": false,
                    "type": "string",
                    "value": "consul-servers"
                },
                "consul_servers_cluster_tag_value": {
                    "sensitive": false,
                    "type": "string",
                    "value": "consul-example"
                },
                "iam_role_arn_clients": {
                    "sensitive": false,
                    "type": "string",
                    "value": "arn:aws:iam::943673864418:role/consul-example-client20171220150205832500000004"
                },
                "iam_role_arn_servers": {
                    "sensitive": false,
                    "type": "string",
                    "value": "arn:aws:iam::943673864418:role/consul-example-server20171220150205832100000002"
                },
                "iam_role_id_clients": {
                    "sensitive": false,
                    "type": "string",
                    "value": "consul-example-client20171220150205832500000004"
                },
                "iam_role_id_servers": {
                    "sensitive": false,
                    "type": "string",
                    "value": "consul-example-server20171220150205832100000002"
                },
                "launch_config_name_clients": {
                    "sensitive": false,
                    "type": "string",
                    "value": "consul-example-client-20171220150209620300000007"
                },
                "launch_config_name_servers": {
                    "sensitive": false,
                    "type": "string",
                    "value": "consul-example-server-20171220150209620300000008"
                },
                "num_clients": {
                    "sensitive": false,
                    "type": "string",
                    "value": "6"
                },
                "num_servers": {
                    "sensitive": false,
                    "type": "string",
                    "value": "3"
                },
                "security_group_id_clients": {
                    "sensitive": false,
                    "type": "string",
                    "value": "sg-d3a921bb"
                },
                "security_group_id_servers": {
                    "sensitive": false,
                    "type": "string",
                    "value": "sg-6faa2207"
                }
            },
            "resources": {
                "data.aws_ami.consul": {
                    "type": "aws_ami",
                    "depends_on": [],
                    "primary": {
                        "id": "ami-43362527",
                        "attributes": {
                            "architecture": "x86_64",
                            "block_device_mappings.#": "3",
                            "block_device_mappings.1634610537.device_name": "/dev/sdb",
                            "block_device_mappings.1634610537.ebs.%": "0",
                            "block_device_mappings.1634610537.no_device": "",
                            "block_device_mappings.1634610537.virtual_name": "ephemeral0",
                            "block_device_mappings.2547816212.device_name": "/dev/sda1",
                            "block_device_mappings.2547816212.ebs.%": "6",
                            "block_device_mappings.2547816212.ebs.delete_on_termination": "true",
                            "block_device_mappings.2547816212.ebs.encrypted": "false",
                            "block_device_mappings.2547816212.ebs.iops": "0",
                            "block_device_mappings.2547816212.ebs.snapshot_id": "snap-0ce1d2adde78eef83",
                            "block_device_mappings.2547816212.ebs.volume_size": "8",
                            "block_device_mappings.2547816212.ebs.volume_type": "gp2",
                            "block_device_mappings.2547816212.no_device": "",
                            "block_device_mappings.2547816212.virtual_name": "",
                            "block_device_mappings.3850042718.device_name": "/dev/sdc",
                            "block_device_mappings.3850042718.ebs.%": "0",
                            "block_device_mappings.3850042718.no_device": "",
                            "block_device_mappings.3850042718.virtual_name": "ephemeral1",
                            "creation_date": "2017-09-16T17:26:53.000Z",
                            "description": "An Ubuntu 16.04 AMI that has Consul installed.",
                            "filter.#": "3",
                            "filter.3379949661.name": "name",
                            "filter.3379949661.values.#": "1",
                            "filter.3379949661.values.0": "consul-ubuntu-*",
                            "filter.4034669764.name": "is-public",
                            "filter.4034669764.values.#": "1",
                            "filter.4034669764.values.0": "true",
                            "filter.490168357.name": "virtualization-type",
                            "filter.490168357.values.#": "1",
                            "filter.490168357.values.0": "hvm",
                            "hypervisor": "xen",
                            "id": "ami-43362527",
                            "image_id": "ami-43362527",
                            "image_location": "562637147889/consul-ubuntu-2017-09-16T17-19-33Z",
                            "image_type": "machine",
                            "most_recent": "true",
                            "name": "consul-ubuntu-2017-09-16T17-19-33Z",
                            "owner_id": "562637147889",
                            "owners.#": "1",
                            "owners.0": "562637147889",
                            "product_codes.#": "0",
                            "public": "true",
                            "root_device_name": "/dev/sda1",
                            "root_device_type": "ebs",
                            "root_snapshot_id": "snap-0ce1d2adde78eef83",
                            "sriov_net_support": "simple",
                            "state": "available",
                            "state_reason.%": "2",
                            "state_reason.code": "UNSET",
                            "state_reason.message": "UNSET",
                            "tags.%": "0",
                            "virtualization_type": "hvm"
                        },
                        "meta": {},
                        "tainted": false
                    },
                    "deposed": [],
                    "provider": "module.consul.provider.aws"
                },
                "data.aws_subnet_ids.default": {
                    "type": "aws_subnet_ids",
                    "depends_on": [
                        "data.aws_vpc.default"
                    ],
                    "primary": {
                        "id": "vpc-3d744f54",
                        "attributes": {
                            "id": "vpc-3d744f54",
                            "ids.#": "2",
                            "ids.1900641226": "subnet-1719316c",
                            "ids.2994755965": "subnet-598cf714",
                            "vpc_id": "vpc-3d744f54"
                        },
                        "meta": {},
                        "tainted": false
                    },
                    "deposed": [],
                    "provider": "module.consul.provider.aws"
                },
                "data.aws_vpc.default": {
                    "type": "aws_vpc",
                    "depends_on": [],
                    "primary": {
                        "id": "vpc-3d744f54",
                        "attributes": {
                            "cidr_block": "172.31.0.0/16",
                            "default": "true",
                            "dhcp_options_id": "dopt-4ca6a825",
                            "enable_dns_hostnames": "true",
                            "enable_dns_support": "true",
                            "id": "vpc-3d744f54",
                            "instance_tenancy": "default",
                            "state": "available",
                            "tags.%": "0"
                        },
                        "meta": {},
                        "tainted": false
                    },
                    "deposed": [],
                    "provider": "module.consul.provider.aws"
                },
                "data.template_file.user_data_client": {
                    "type": "template_file",
                    "depends_on": [],
                    "primary": {
                        "id": "290c4480b4779fe38b2858845020a145f51991fdbd36cd8ee1713e5900c35908",
                        "attributes": {
                            "id": "290c4480b4779fe38b2858845020a145f51991fdbd36cd8ee1713e5900c35908",
                            "rendered": "#!/bin/bash\n# This script is meant to be run in the User Data of each EC2 Instance while it's booting. The script uses the\n# run-consul script to configure and start Consul in client mode. Note that this script assumes it's running in an AMI\n# built from the Packer template in examples/consul-ami/consul.json.\n\nset -e\n\n# Send the log output from this script to user-data.log, syslog, and the console\n# From: https://alestic.com/2010/12/ec2-user-data-output/\nexec \u003e \u003e(tee /var/log/user-data.log|logger -t user-data -s 2\u003e/dev/console) 2\u003e\u00261\n\n# These variables are passed in via Terraform template interplation\n/opt/consul/bin/run-consul --client --cluster-tag-key \"consul-servers\" --cluster-tag-value \"consul-example\"\n\n# You could add commands to boot your other apps here",
                            "template": "#!/bin/bash\n# This script is meant to be run in the User Data of each EC2 Instance while it's booting. The script uses the\n# run-consul script to configure and start Consul in client mode. Note that this script assumes it's running in an AMI\n# built from the Packer template in examples/consul-ami/consul.json.\n\nset -e\n\n# Send the log output from this script to user-data.log, syslog, and the console\n# From: https://alestic.com/2010/12/ec2-user-data-output/\nexec \u003e \u003e(tee /var/log/user-data.log|logger -t user-data -s 2\u003e/dev/console) 2\u003e\u00261\n\n# These variables are passed in via Terraform template interplation\n/opt/consul/bin/run-consul --client --cluster-tag-key \"${cluster_tag_key}\" --cluster-tag-value \"${cluster_tag_value}\"\n\n# You could add commands to boot your other apps here",
                            "vars.%": "2",
                            "vars.cluster_tag_key": "consul-servers",
                            "vars.cluster_tag_value": "consul-example"
                        },
                        "meta": {},
                        "tainted": false
                    },
                    "deposed": [],
                    "provider": "provider.template"
                },
                "data.template_file.user_data_server": {
                    "type": "template_file",
                    "depends_on": [],
                    "primary": {
                        "id": "d58797b255112250e66f077c211c718007f8672175e901862be23016811097a9",
                        "attributes": {
                            "id": "d58797b255112250e66f077c211c718007f8672175e901862be23016811097a9",
                            "rendered": "#!/bin/bash\n# This script is meant to be run in the User Data of each EC2 Instance while it's booting. The script uses the\n# run-consul script to configure and start Consul in server mode. Note that this script assumes it's running in an AMI\n# built from the Packer template in examples/consul-ami/consul.json.\n\nset -e\n\n# Send the log output from this script to user-data.log, syslog, and the console\n# From: https://alestic.com/2010/12/ec2-user-data-output/\nexec \u003e \u003e(tee /var/log/user-data.log|logger -t user-data -s 2\u003e/dev/console) 2\u003e\u00261\n\n# These variables are passed in via Terraform template interplation\n/opt/consul/bin/run-consul --server --cluster-tag-key \"consul-servers\" --cluster-tag-value \"consul-example\"",
                            "template": "#!/bin/bash\n# This script is meant to be run in the User Data of each EC2 Instance while it's booting. The script uses the\n# run-consul script to configure and start Consul in server mode. Note that this script assumes it's running in an AMI\n# built from the Packer template in examples/consul-ami/consul.json.\n\nset -e\n\n# Send the log output from this script to user-data.log, syslog, and the console\n# From: https://alestic.com/2010/12/ec2-user-data-output/\nexec \u003e \u003e(tee /var/log/user-data.log|logger -t user-data -s 2\u003e/dev/console) 2\u003e\u00261\n\n# These variables are passed in via Terraform template interplation\n/opt/consul/bin/run-consul --server --cluster-tag-key \"${cluster_tag_key}\" --cluster-tag-value \"${cluster_tag_value}\"",
                            "vars.%": "2",
                            "vars.cluster_tag_key": "consul-servers",
                            "vars.cluster_tag_value": "consul-example"
                        },
                        "meta": {},
                        "tainted": false
                    },
                    "deposed": [],
                    "provider": "provider.template"
                }
            },
            "depends_on": []
        },
        {
            "path": [
                "root",
                "consul",
                "consul_clients"
            ],
            "outputs": {
                "asg_name": {
                    "sensitive": false,
                    "type": "string",
                    "value": "tf-asg-20171220150225738700000009"
                },
                "cluster_size": {
                    "sensitive": false,
                    "type": "string",
                    "value": "6"
                },
                "cluster_tag_key": {
                    "sensitive": false,
                    "type": "string",
                    "value": "consul-clients"
                },
                "cluster_tag_value": {
                    "sensitive": false,
                    "type": "string",
                    "value": "consul-example"
                },
                "iam_role_arn": {
                    "sensitive": false,
                    "type": "string",
                    "value": "arn:aws:iam::943673864418:role/consul-example-client20171220150205832500000004"
                },
                "iam_role_id": {
                    "sensitive": false,
                    "type": "string",
                    "value": "consul-example-client20171220150205832500000004"
                },
                "launch_config_name": {
                    "sensitive": false,
                    "type": "string",
                    "value": "consul-example-client-20171220150209620300000007"
                },
                "security_group_id": {
                    "sensitive": false,
                    "type": "string",
                    "value": "sg-d3a921bb"
                }
            },
            "resources": {
                "aws_autoscaling_group.autoscaling_group": {
                    "type": "aws_autoscaling_group",
                    "depends_on": [
                        "aws_launch_configuration.launch_configuration"
                    ],
                    "primary": {
                        "id": "tf-asg-20171220150225738700000009",
                        "attributes": {
                            "arn": "arn:aws:autoscaling:eu-west-2:943673864418:autoScalingGroup:49e6e10f-5605-47fe-b2a1-26e4730a0890:autoScalingGroupName/tf-asg-20171220150225738700000009",
                            "availability_zones.#": "2",
                            "availability_zones.1501760113": "eu-west-2b",
                            "availability_zones.3230292939": "eu-west-2a",
                            "default_cooldown": "300",
                            "desired_capacity": "6",
                            "force_delete": "false",
                            "health_check_grace_period": "300",
                            "health_check_type": "EC2",
                            "id": "tf-asg-20171220150225738700000009",
                            "launch_configuration": "consul-example-client-20171220150209620300000007",
                            "load_balancers.#": "0",
                            "max_size": "6",
                            "metrics_granularity": "1Minute",
                            "min_size": "6",
                            "name": "tf-asg-20171220150225738700000009",
                            "placement_group": "",
                            "protect_from_scale_in": "false",
                            "suspended_processes.#": "0",
                            "tag.#": "2",
                            "tag.2151078592.key": "consul-clients",
                            "tag.2151078592.propagate_at_launch": "true",
                            "tag.2151078592.value": "consul-example",
                            "tag.462896764.key": "Name",
                            "tag.462896764.propagate_at_launch": "true",
                            "tag.462896764.value": "consul-example-client",
                            "target_group_arns.#": "0",
                            "termination_policies.#": "1",
                            "termination_policies.0": "Default",
                            "vpc_zone_identifier.#": "2",
                            "vpc_zone_identifier.1900641226": "subnet-1719316c",
                            "vpc_zone_identifier.2994755965": "subnet-598cf714",
                            "wait_for_capacity_timeout": "10m"
                        },
                        "meta": {
                            "e2bfb730-ecaa-11e6-8f88-34363bc7c4c0": {
                                "delete": 600000000000
                            }
                        },
                        "tainted": false
                    },
                    "deposed": [],
                    "provider": "module.consul.provider.aws"
                },
                "aws_iam_instance_profile.instance_profile": {
                    "type": "aws_iam_instance_profile",
                    "depends_on": [
                        "aws_iam_role.instance_role"
                    ],
                    "primary": {
                        "id": "consul-example-client20171220150207867600000006",
                        "attributes": {
                            "arn": "arn:aws:iam::943673864418:instance-profile/consul-example-client20171220150207867600000006",
                            "id": "consul-example-client20171220150207867600000006",
                            "name": "consul-example-client20171220150207867600000006",
                            "name_prefix": "consul-example-client",
                            "path": "/",
                            "role": "consul-example-client20171220150205832500000004",
                            "roles.#": "1",
                            "roles.1527259847": "consul-example-client20171220150205832500000004",
                            "unique_id": "AIPAIPT2G5QM3QNFJH2OI"
                        },
                        "meta": {},
                        "tainted": false
                    },
                    "deposed": [],
                    "provider": "module.consul.provider.aws"
                },
                "aws_iam_role.instance_role": {
                    "type": "aws_iam_role",
                    "depends_on": [
                        "data.aws_iam_policy_document.instance_role"
                    ],
                    "primary": {
                        "id": "consul-example-client20171220150205832500000004",
                        "attributes": {
                            "arn": "arn:aws:iam::943673864418:role/consul-example-client20171220150205832500000004",
                            "assume_role_policy": "{\"Version\":\"2012-10-17\",\"Statement\":[{\"Sid\":\"\",\"Effect\":\"Allow\",\"Principal\":{\"Service\":\"ec2.amazonaws.com\"},\"Action\":\"sts:AssumeRole\"}]}",
                            "create_date": "2017-12-20T15:02:06Z",
                            "force_detach_policies": "false",
                            "id": "consul-example-client20171220150205832500000004",
                            "name": "consul-example-client20171220150205832500000004",
                            "name_prefix": "consul-example-client",
                            "path": "/",
                            "unique_id": "AROAIFDQXR6E3CZUJTRFW"
                        },
                        "meta": {},
                        "tainted": false
                    },
                    "deposed": [],
                    "provider": "module.consul.provider.aws"
                },
                "aws_launch_configuration.launch_configuration": {
                    "type": "aws_launch_configuration",
                    "depends_on": [
                        "aws_iam_instance_profile.instance_profile",
                        "aws_security_group.lc_security_group"
                    ],
                    "primary": {
                        "id": "consul-example-client-20171220150209620300000007",
                        "attributes": {
                            "associate_public_ip_address": "false",
                            "ebs_block_device.#": "0",
                            "ebs_optimized": "false",
                            "enable_monitoring": "true",
                            "ephemeral_block_device.#": "0",
                            "iam_instance_profile": "consul-example-client20171220150207867600000006",
                            "id": "consul-example-client-20171220150209620300000007",
                            "image_id": "ami-43362527",
                            "instance_type": "t2.micro",
                            "key_name": "",
                            "name": "consul-example-client-20171220150209620300000007",
                            "name_prefix": "consul-example-client-",
                            "placement_tenancy": "default",
                            "root_block_device.#": "1",
                            "root_block_device.0.delete_on_termination": "true",
                            "root_block_device.0.iops": "0",
                            "root_block_device.0.volume_size": "50",
                            "root_block_device.0.volume_type": "standard",
                            "security_groups.#": "1",
                            "security_groups.1703763641": "sg-d3a921bb",
                            "spot_price": "",
                            "user_data": "97e031d0aa6d1e6b2cd1838301fbecde7751eefb",
                            "vpc_classic_link_id": "",
                            "vpc_classic_link_security_groups.#": "0"
                        },
                        "meta": {},
                        "tainted": false
                    },
                    "deposed": [],
                    "provider": "module.consul.provider.aws"
                },
                "aws_security_group.lc_security_group": {
                    "type": "aws_security_group",
                    "depends_on": [],
                    "primary": {
                        "id": "sg-d3a921bb",
                        "attributes": {
                            "description": "Security group for the consul-example-client launch configuration",
                            "egress.#": "1",
                            "egress.482069346.cidr_blocks.#": "1",
                            "egress.482069346.cidr_blocks.0": "0.0.0.0/0",
                            "egress.482069346.description": "",
                            "egress.482069346.from_port": "0",
                            "egress.482069346.ipv6_cidr_blocks.#": "0",
                            "egress.482069346.prefix_list_ids.#": "0",
                            "egress.482069346.protocol": "-1",
                            "egress.482069346.security_groups.#": "0",
                            "egress.482069346.self": "false",
                            "egress.482069346.to_port": "0",
                            "id": "sg-d3a921bb",
                            "ingress.#": "10",
                            "ingress.2539660112.cidr_blocks.#": "1",
                            "ingress.2539660112.cidr_blocks.0": "0.0.0.0/0",
                            "ingress.2539660112.description": "",
                            "ingress.2539660112.from_port": "8301",
                            "ingress.2539660112.ipv6_cidr_blocks.#": "0",
                            "ingress.2539660112.protocol": "tcp",
                            "ingress.2539660112.security_groups.#": "0",
                            "ingress.2539660112.self": "false",
                            "ingress.2539660112.to_port": "8301",
                            "ingress.2541437006.cidr_blocks.#": "1",
                            "ingress.2541437006.cidr_blocks.0": "0.0.0.0/0",
                            "ingress.2541437006.description": "",
                            "ingress.2541437006.from_port": "22",
                            "ingress.2541437006.ipv6_cidr_blocks.#": "0",
                            "ingress.2541437006.protocol": "tcp",
                            "ingress.2541437006.security_groups.#": "0",
                            "ingress.2541437006.self": "false",
                            "ingress.2541437006.to_port": "22",
                            "ingress.3090781021.cidr_blocks.#": "1",
                            "ingress.3090781021.cidr_blocks.0": "0.0.0.0/0",
                            "ingress.3090781021.description": "",
                            "ingress.3090781021.from_port": "8301",
                            "ingress.3090781021.ipv6_cidr_blocks.#": "0",
                            "ingress.3090781021.protocol": "udp",
                            "ingress.3090781021.security_groups.#": "0",
                            "ingress.3090781021.self": "false",
                            "ingress.3090781021.to_port": "8301",
                            "ingress.3482902040.cidr_blocks.#": "1",
                            "ingress.3482902040.cidr_blocks.0": "0.0.0.0/0",
                            "ingress.3482902040.description": "",
                            "ingress.3482902040.from_port": "8500",
                            "ingress.3482902040.ipv6_cidr_blocks.#": "0",
                            "ingress.3482902040.protocol": "tcp",
                            "ingress.3482902040.security_groups.#": "0",
                            "ingress.3482902040.self": "false",
                            "ingress.3482902040.to_port": "8500",
                            "ingress.4005846225.cidr_blocks.#": "1",
                            "ingress.4005846225.cidr_blocks.0": "0.0.0.0/0",
                            "ingress.4005846225.description": "",
                            "ingress.4005846225.from_port": "8300",
                            "ingress.4005846225.ipv6_cidr_blocks.#": "0",
                            "ingress.4005846225.protocol": "tcp",
                            "ingress.4005846225.security_groups.#": "0",
                            "ingress.4005846225.self": "false",
                            "ingress.4005846225.to_port": "8300",
                            "ingress.495756243.cidr_blocks.#": "1",
                            "ingress.495756243.cidr_blocks.0": "0.0.0.0/0",
                            "ingress.495756243.description": "",
                            "ingress.495756243.from_port": "8302",
                            "ingress.495756243.ipv6_cidr_blocks.#": "0",
                            "ingress.495756243.protocol": "tcp",
                            "ingress.495756243.security_groups.#": "0",
                            "ingress.495756243.self": "false",
                            "ingress.495756243.to_port": "8302",
                            "ingress.500673617.cidr_blocks.#": "1",
                            "ingress.500673617.cidr_blocks.0": "0.0.0.0/0",
                            "ingress.500673617.description": "",
                            "ingress.500673617.from_port": "8600",
                            "ingress.500673617.ipv6_cidr_blocks.#": "0",
                            "ingress.500673617.protocol": "udp",
                            "ingress.500673617.security_groups.#": "0",
                            "ingress.500673617.self": "false",
                            "ingress.500673617.to_port": "8600",
                            "ingress.767189531.cidr_blocks.#": "1",
                            "ingress.767189531.cidr_blocks.0": "0.0.0.0/0",
                            "ingress.767189531.description": "",
                            "ingress.767189531.from_port": "8400",
                            "ingress.767189531.ipv6_cidr_blocks.#": "0",
                            "ingress.767189531.protocol": "tcp",
                            "ingress.767189531.security_groups.#": "0",
                            "ingress.767189531.self": "false",
                            "ingress.767189531.to_port": "8400",
                            "ingress.848174172.cidr_blocks.#": "1",
                            "ingress.848174172.cidr_blocks.0": "0.0.0.0/0",
                            "ingress.848174172.description": "",
                            "ingress.848174172.from_port": "8600",
                            "ingress.848174172.ipv6_cidr_blocks.#": "0",
                            "ingress.848174172.protocol": "tcp",
                            "ingress.848174172.security_groups.#": "0",
                            "ingress.848174172.self": "false",
                            "ingress.848174172.to_port": "8600",
                            "ingress.852825054.cidr_blocks.#": "1",
                            "ingress.852825054.cidr_blocks.0": "0.0.0.0/0",
                            "ingress.852825054.description": "",
                            "ingress.852825054.from_port": "8302",
                            "ingress.852825054.ipv6_cidr_blocks.#": "0",
                            "ingress.852825054.protocol": "udp",
                            "ingress.852825054.security_groups.#": "0",
                            "ingress.852825054.self": "false",
                            "ingress.852825054.to_port": "8302",
                            "name": "consul-example-client20171220150205832100000001",
                            "name_prefix": "consul-example-client",
                            "owner_id": "943673864418",
                            "revoke_rules_on_delete": "false",
                            "tags.%": "0",
                            "vpc_id": "vpc-3d744f54"
                        },
                        "meta": {
                            "schema_version": "1"
                        },
                        "tainted": false
                    },
                    "deposed": [],
                    "provider": "module.consul.provider.aws"
                },
                "aws_security_group_rule.allow_all_outbound": {
                    "type": "aws_security_group_rule",
                    "depends_on": [
                        "aws_security_group.lc_security_group"
                    ],
                    "primary": {
                        "id": "sgrule-1326516696",
                        "attributes": {
                            "cidr_blocks.#": "1",
                            "cidr_blocks.0": "0.0.0.0/0",
                            "description": "",
                            "from_port": "0",
                            "id": "sgrule-1326516696",
                            "ipv6_cidr_blocks.#": "0",
                            "prefix_list_ids.#": "0",
                            "protocol": "-1",
                            "security_group_id": "sg-d3a921bb",
                            "self": "false",
                            "to_port": "0",
                            "type": "egress"
                        },
                        "meta": {
                            "schema_version": "2"
                        },
                        "tainted": false
                    },
                    "deposed": [],
                    "provider": "module.consul.provider.aws"
                },
                "aws_security_group_rule.allow_ssh_inbound": {
                    "type": "aws_security_group_rule",
                    "depends_on": [
                        "aws_security_group.lc_security_group"
                    ],
                    "primary": {
                        "id": "sgrule-520105810",
                        "attributes": {
                            "cidr_blocks.#": "1",
                            "cidr_blocks.0": "0.0.0.0/0",
                            "description": "",
                            "from_port": "22",
                            "id": "sgrule-520105810",
                            "ipv6_cidr_blocks.#": "0",
                            "prefix_list_ids.#": "0",
                            "protocol": "tcp",
                            "security_group_id": "sg-d3a921bb",
                            "self": "false",
                            "to_port": "22",
                            "type": "ingress"
                        },
                        "meta": {
                            "schema_version": "2"
                        },
                        "tainted": false
                    },
                    "deposed": [],
                    "provider": "module.consul.provider.aws"
                },
                "data.aws_iam_policy_document.instance_role": {
                    "type": "aws_iam_policy_document",
                    "depends_on": [],
                    "primary": {
                        "id": "1903849331",
                        "attributes": {
                            "id": "1903849331",
                            "json": "{\n  \"Version\": \"2012-10-17\",\n  \"Statement\": [\n    {\n      \"Sid\": \"\",\n      \"Effect\": \"Allow\",\n      \"Action\": \"sts:AssumeRole\",\n      \"Principal\": {\n        \"Service\": \"ec2.amazonaws.com\"\n      }\n    }\n  ]\n}",
                            "statement.#": "1",
                            "statement.0.actions.#": "1",
                            "statement.0.actions.2528466339": "sts:AssumeRole",
                            "statement.0.condition.#": "0",
                            "statement.0.effect": "Allow",
                            "statement.0.not_actions.#": "0",
                            "statement.0.not_principals.#": "0",
                            "statement.0.not_resources.#": "0",
                            "statement.0.principals.#": "1",
                            "statement.0.principals.1134724139.identifiers.#": "1",
                            "statement.0.principals.1134724139.identifiers.3655884555": "ec2.amazonaws.com",
                            "statement.0.principals.1134724139.type": "Service",
                            "statement.0.resources.#": "0",
                            "statement.0.sid": ""
                        },
                        "meta": {},
                        "tainted": false
                    },
                    "deposed": [],
                    "provider": "module.consul.provider.aws"
                }
            },
            "depends_on": []
        },
        {
            "path": [
                "root",
                "consul",
                "consul_servers"
            ],
            "outputs": {
                "asg_name": {
                    "sensitive": false,
                    "type": "string",
                    "value": "tf-asg-2017122015022578710000000a"
                },
                "cluster_size": {
                    "sensitive": false,
                    "type": "string",
                    "value": "3"
                },
                "cluster_tag_key": {
                    "sensitive": false,
                    "type": "string",
                    "value": "consul-servers"
                },
                "cluster_tag_value": {
                    "sensitive": false,
                    "type": "string",
                    "value": "consul-example"
                },
                "iam_role_arn": {
                    "sensitive": false,
                    "type": "string",
                    "value": "arn:aws:iam::943673864418:role/consul-example-server20171220150205832100000002"
                },
                "iam_role_id": {
                    "sensitive": false,
                    "type": "string",
                    "value": "consul-example-server20171220150205832100000002"
                },
                "launch_config_name": {
                    "sensitive": false,
                    "type": "string",
                    "value": "consul-example-server-20171220150209620300000008"
                },
                "security_group_id": {
                    "sensitive": false,
                    "type": "string",
                    "value": "sg-6faa2207"
                }
            },
            "resources": {
                "aws_autoscaling_group.autoscaling_group": {
                    "type": "aws_autoscaling_group",
                    "depends_on": [
                        "aws_launch_configuration.launch_configuration"
                    ],
                    "primary": {
                        "id": "tf-asg-2017122015022578710000000a",
                        "attributes": {
                            "arn": "arn:aws:autoscaling:eu-west-2:943673864418:autoScalingGroup:6ea0b21e-c367-41ee-8d35-914055215c7e:autoScalingGroupName/tf-asg-2017122015022578710000000a",
                            "availability_zones.#": "2",
                            "availability_zones.1501760113": "eu-west-2b",
                            "availability_zones.3230292939": "eu-west-2a",
                            "default_cooldown": "300",
                            "desired_capacity": "3",
                            "force_delete": "false",
                            "health_check_grace_period": "300",
                            "health_check_type": "EC2",
                            "id": "tf-asg-2017122015022578710000000a",
                            "launch_configuration": "consul-example-server-20171220150209620300000008",
                            "load_balancers.#": "0",
                            "max_size": "3",
                            "metrics_granularity": "1Minute",
                            "min_size": "3",
                            "name": "tf-asg-2017122015022578710000000a",
                            "placement_group": "",
                            "protect_from_scale_in": "false",
                            "suspended_processes.#": "0",
                            "tag.#": "2",
                            "tag.410763458.key": "Name",
                            "tag.410763458.propagate_at_launch": "true",
                            "tag.410763458.value": "consul-example-server",
                            "tag.812133174.key": "consul-servers",
                            "tag.812133174.propagate_at_launch": "true",
                            "tag.812133174.value": "consul-example",
                            "target_group_arns.#": "0",
                            "termination_policies.#": "1",
                            "termination_policies.0": "Default",
                            "vpc_zone_identifier.#": "2",
                            "vpc_zone_identifier.1900641226": "subnet-1719316c",
                            "vpc_zone_identifier.2994755965": "subnet-598cf714",
                            "wait_for_capacity_timeout": "10m"
                        },
                        "meta": {
                            "e2bfb730-ecaa-11e6-8f88-34363bc7c4c0": {
                                "delete": 600000000000
                            }
                        },
                        "tainted": false
                    },
                    "deposed": [],
                    "provider": "module.consul.provider.aws"
                },
                "aws_iam_instance_profile.instance_profile": {
                    "type": "aws_iam_instance_profile",
                    "depends_on": [
                        "aws_iam_role.instance_role"
                    ],
                    "primary": {
                        "id": "consul-example-server20171220150207549100000005",
                        "attributes": {
                            "arn": "arn:aws:iam::943673864418:instance-profile/consul-example-server20171220150207549100000005",
                            "id": "consul-example-server20171220150207549100000005",
                            "name": "consul-example-server20171220150207549100000005",
                            "name_prefix": "consul-example-server",
                            "path": "/",
                            "role": "consul-example-server20171220150205832100000002",
                            "roles.#": "1",
                            "roles.399852852": "consul-example-server20171220150205832100000002",
                            "unique_id": "AIPAJWHTQOVTJ2VUMJWL4"
                        },
                        "meta": {},
                        "tainted": false
                    },
                    "deposed": [],
                    "provider": "module.consul.provider.aws"
                },
                "aws_iam_role.instance_role": {
                    "type": "aws_iam_role",
                    "depends_on": [
                        "data.aws_iam_policy_document.instance_role"
                    ],
                    "primary": {
                        "id": "consul-example-server20171220150205832100000002",
                        "attributes": {
                            "arn": "arn:aws:iam::943673864418:role/consul-example-server20171220150205832100000002",
                            "assume_role_policy": "{\"Version\":\"2012-10-17\",\"Statement\":[{\"Sid\":\"\",\"Effect\":\"Allow\",\"Principal\":{\"Service\":\"ec2.amazonaws.com\"},\"Action\":\"sts:AssumeRole\"}]}",
                            "create_date": "2017-12-20T15:02:06Z",
                            "force_detach_policies": "false",
                            "id": "consul-example-server20171220150205832100000002",
                            "name": "consul-example-server20171220150205832100000002",
                            "name_prefix": "consul-example-server",
                            "path": "/",
                            "unique_id": "AROAIBA5ONIJZIYJ2FJ3K"
                        },
                        "meta": {},
                        "tainted": false
                    },
                    "deposed": [],
                    "provider": "module.consul.provider.aws"
                },
                "aws_launch_configuration.launch_configuration": {
                    "type": "aws_launch_configuration",
                    "depends_on": [
                        "aws_iam_instance_profile.instance_profile",
                        "aws_security_group.lc_security_group"
                    ],
                    "primary": {
                        "id": "consul-example-server-20171220150209620300000008",
                        "attributes": {
                            "associate_public_ip_address": "false",
                            "ebs_block_device.#": "0",
                            "ebs_optimized": "false",
                            "enable_monitoring": "true",
                            "ephemeral_block_device.#": "0",
                            "iam_instance_profile": "consul-example-server20171220150207549100000005",
                            "id": "consul-example-server-20171220150209620300000008",
                            "image_id": "ami-43362527",
                            "instance_type": "t2.micro",
                            "key_name": "",
                            "name": "consul-example-server-20171220150209620300000008",
                            "name_prefix": "consul-example-server-",
                            "placement_tenancy": "default",
                            "root_block_device.#": "1",
                            "root_block_device.0.delete_on_termination": "true",
                            "root_block_device.0.iops": "0",
                            "root_block_device.0.volume_size": "50",
                            "root_block_device.0.volume_type": "standard",
                            "security_groups.#": "1",
                            "security_groups.2596981996": "sg-6faa2207",
                            "spot_price": "",
                            "user_data": "bea44523b6e01d16013cc9699c268cc65005f72f",
                            "vpc_classic_link_id": "",
                            "vpc_classic_link_security_groups.#": "0"
                        },
                        "meta": {},
                        "tainted": false
                    },
                    "deposed": [],
                    "provider": "module.consul.provider.aws"
                },
                "aws_security_group.lc_security_group": {
                    "type": "aws_security_group",
                    "depends_on": [],
                    "primary": {
                        "id": "sg-6faa2207",
                        "attributes": {
                            "description": "Security group for the consul-example-server launch configuration",
                            "egress.#": "1",
                            "egress.482069346.cidr_blocks.#": "1",
                            "egress.482069346.cidr_blocks.0": "0.0.0.0/0",
                            "egress.482069346.description": "",
                            "egress.482069346.from_port": "0",
                            "egress.482069346.ipv6_cidr_blocks.#": "0",
                            "egress.482069346.prefix_list_ids.#": "0",
                            "egress.482069346.protocol": "-1",
                            "egress.482069346.security_groups.#": "0",
                            "egress.482069346.self": "false",
                            "egress.482069346.to_port": "0",
                            "id": "sg-6faa2207",
                            "ingress.#": "10",
                            "ingress.2539660112.cidr_blocks.#": "1",
                            "ingress.2539660112.cidr_blocks.0": "0.0.0.0/0",
                            "ingress.2539660112.description": "",
                            "ingress.2539660112.from_port": "8301",
                            "ingress.2539660112.ipv6_cidr_blocks.#": "0",
                            "ingress.2539660112.protocol": "tcp",
                            "ingress.2539660112.security_groups.#": "0",
                            "ingress.2539660112.self": "false",
                            "ingress.2539660112.to_port": "8301",
                            "ingress.2541437006.cidr_blocks.#": "1",
                            "ingress.2541437006.cidr_blocks.0": "0.0.0.0/0",
                            "ingress.2541437006.description": "",
                            "ingress.2541437006.from_port": "22",
                            "ingress.2541437006.ipv6_cidr_blocks.#": "0",
                            "ingress.2541437006.protocol": "tcp",
                            "ingress.2541437006.security_groups.#": "0",
                            "ingress.2541437006.self": "false",
                            "ingress.2541437006.to_port": "22",
                            "ingress.3090781021.cidr_blocks.#": "1",
                            "ingress.3090781021.cidr_blocks.0": "0.0.0.0/0",
                            "ingress.3090781021.description": "",
                            "ingress.3090781021.from_port": "8301",
                            "ingress.3090781021.ipv6_cidr_blocks.#": "0",
                            "ingress.3090781021.protocol": "udp",
                            "ingress.3090781021.security_groups.#": "0",
                            "ingress.3090781021.self": "false",
                            "ingress.3090781021.to_port": "8301",
                            "ingress.3482902040.cidr_blocks.#": "1",
                            "ingress.3482902040.cidr_blocks.0": "0.0.0.0/0",
                            "ingress.3482902040.description": "",
                            "ingress.3482902040.from_port": "8500",
                            "ingress.3482902040.ipv6_cidr_blocks.#": "0",
                            "ingress.3482902040.protocol": "tcp",
                            "ingress.3482902040.security_groups.#": "0",
                            "ingress.3482902040.self": "false",
                            "ingress.3482902040.to_port": "8500",
                            "ingress.4005846225.cidr_blocks.#": "1",
                            "ingress.4005846225.cidr_blocks.0": "0.0.0.0/0",
                            "ingress.4005846225.description": "",
                            "ingress.4005846225.from_port": "8300",
                            "ingress.4005846225.ipv6_cidr_blocks.#": "0",
                            "ingress.4005846225.protocol": "tcp",
                            "ingress.4005846225.security_groups.#": "0",
                            "ingress.4005846225.self": "false",
                            "ingress.4005846225.to_port": "8300",
                            "ingress.495756243.cidr_blocks.#": "1",
                            "ingress.495756243.cidr_blocks.0": "0.0.0.0/0",
                            "ingress.495756243.description": "",
                            "ingress.495756243.from_port": "8302",
                            "ingress.495756243.ipv6_cidr_blocks.#": "0",
                            "ingress.495756243.protocol": "tcp",
                            "ingress.495756243.security_groups.#": "0",
                            "ingress.495756243.self": "false",
                            "ingress.495756243.to_port": "8302",
                            "ingress.500673617.cidr_blocks.#": "1",
                            "ingress.500673617.cidr_blocks.0": "0.0.0.0/0",
                            "ingress.500673617.description": "",
                            "ingress.500673617.from_port": "8600",
                            "ingress.500673617.ipv6_cidr_blocks.#": "0",
                            "ingress.500673617.protocol": "udp",
                            "ingress.500673617.security_groups.#": "0",
                            "ingress.500673617.self": "false",
                            "ingress.500673617.to_port": "8600",
                            "ingress.767189531.cidr_blocks.#": "1",
                            "ingress.767189531.cidr_blocks.0": "0.0.0.0/0",
                            "ingress.767189531.description": "",
                            "ingress.767189531.from_port": "8400",
                            "ingress.767189531.ipv6_cidr_blocks.#": "0",
                            "ingress.767189531.protocol": "tcp",
                            "ingress.767189531.security_groups.#": "0",
                            "ingress.767189531.self": "false",
                            "ingress.767189531.to_port": "8400",
                            "ingress.848174172.cidr_blocks.#": "1",
                            "ingress.848174172.cidr_blocks.0": "0.0.0.0/0",
                            "ingress.848174172.description": "",
                            "ingress.848174172.from_port": "8600",
                            "ingress.848174172.ipv6_cidr_blocks.#": "0",
                            "ingress.848174172.protocol": "tcp",
                            "ingress.848174172.security_groups.#": "0",
                            "ingress.848174172.self": "false",
                            "ingress.848174172.to_port": "8600",
                            "ingress.852825054.cidr_blocks.#": "1",
                            "ingress.852825054.cidr_blocks.0": "0.0.0.0/0",
                            "ingress.852825054.description": "",
                            "ingress.852825054.from_port": "8302",
                            "ingress.852825054.ipv6_cidr_blocks.#": "0",
                            "ingress.852825054.protocol": "udp",
                            "ingress.852825054.security_groups.#": "0",
                            "ingress.852825054.self": "false",
                            "ingress.852825054.to_port": "8302",
                            "name": "consul-example-server20171220150205832300000003",
                            "name_prefix": "consul-example-server",
                            "owner_id": "943673864418",
                            "revoke_rules_on_delete": "false",
                            "tags.%": "0",
                            "vpc_id": "vpc-3d744f54"
                        },
                        "meta": {
                            "schema_version": "1"
                        },
                        "tainted": false
                    },
                    "deposed": [],
                    "provider": "module.consul.provider.aws"
                },
                "aws_security_group_rule.allow_all_outbound": {
                    "type": "aws_security_group_rule",
                    "depends_on": [
                        "aws_security_group.lc_security_group"
                    ],
                    "primary": {
                        "id": "sgrule-2860842407",
                        "attributes": {
                            "cidr_blocks.#": "1",
                            "cidr_blocks.0": "0.0.0.0/0",
                            "description": "",
                            "from_port": "0",
                            "id": "sgrule-2860842407",
                            "ipv6_cidr_blocks.#": "0",
                            "prefix_list_ids.#": "0",
                            "protocol": "-1",
                            "security_group_id": "sg-6faa2207",
                            "self": "false",
                            "to_port": "0",
                            "type": "egress"
                        },
                        "meta": {
                            "schema_version": "2"
                        },
                        "tainted": false
                    },
                    "deposed": [],
                    "provider": "module.consul.provider.aws"
                },
                "aws_security_group_rule.allow_ssh_inbound": {
                    "type": "aws_security_group_rule",
                    "depends_on": [
                        "aws_security_group.lc_security_group"
                    ],
                    "primary": {
                        "id": "sgrule-1474199035",
                        "attributes": {
                            "cidr_blocks.#": "1",
                            "cidr_blocks.0": "0.0.0.0/0",
                            "description": "",
                            "from_port": "22",
                            "id": "sgrule-1474199035",
                            "ipv6_cidr_blocks.#": "0",
                            "prefix_list_ids.#": "0",
                            "protocol": "tcp",
                            "security_group_id": "sg-6faa2207",
                            "self": "false",
                            "to_port": "22",
                            "type": "ingress"
                        },
                        "meta": {
                            "schema_version": "2"
                        },
                        "tainted": false
                    },
                    "deposed": [],
                    "provider": "module.consul.provider.aws"
                },
                "data.aws_iam_policy_document.instance_role": {
                    "type": "aws_iam_policy_document",
                    "depends_on": [],
                    "primary": {
                        "id": "1903849331",
                        "attributes": {
                            "id": "1903849331",
                            "json": "{\n  \"Version\": \"2012-10-17\",\n  \"Statement\": [\n    {\n      \"Sid\": \"\",\n      \"Effect\": \"Allow\",\n      \"Action\": \"sts:AssumeRole\",\n      \"Principal\": {\n        \"Service\": \"ec2.amazonaws.com\"\n      }\n    }\n  ]\n}",
                            "statement.#": "1",
                            "statement.0.actions.#": "1",
                            "statement.0.actions.2528466339": "sts:AssumeRole",
                            "statement.0.condition.#": "0",
                            "statement.0.effect": "Allow",
                            "statement.0.not_actions.#": "0",
                            "statement.0.not_principals.#": "0",
                            "statement.0.not_resources.#": "0",
                            "statement.0.principals.#": "1",
                            "statement.0.principals.1134724139.identifiers.#": "1",
                            "statement.0.principals.1134724139.identifiers.3655884555": "ec2.amazonaws.com",
                            "statement.0.principals.1134724139.type": "Service",
                            "statement.0.resources.#": "0",
                            "statement.0.sid": ""
                        },
                        "meta": {},
                        "tainted": false
                    },
                    "deposed": [],
                    "provider": "module.consul.provider.aws"
                }
            },
            "depends_on": []
        },
        {
            "path": [
                "root",
                "consul",
                "consul_clients",
                "iam_policies"
            ],
            "outputs": {},
            "resources": {
                "aws_iam_role_policy.auto_discover_cluster": {
                    "type": "aws_iam_role_policy",
                    "depends_on": [
                        "data.aws_iam_policy_document.auto_discover_cluster"
                    ],
                    "primary": {
                        "id": "consul-example-client20171220150205832500000004:auto-discover-cluster",
                        "attributes": {
                            "id": "consul-example-client20171220150205832500000004:auto-discover-cluster",
                            "name": "auto-discover-cluster",
                            "policy": "{\n  \"Version\": \"2012-10-17\",\n  \"Statement\": [\n    {\n      \"Sid\": \"\",\n      \"Effect\": \"Allow\",\n      \"Action\": [\n        \"ec2:DescribeTags\",\n        \"ec2:DescribeInstances\",\n        \"autoscaling:DescribeAutoScalingGroups\"\n      ],\n      \"Resource\": \"*\"\n    }\n  ]\n}",
                            "role": "consul-example-client20171220150205832500000004"
                        },
                        "meta": {},
                        "tainted": false
                    },
                    "deposed": [],
                    "provider": "module.consul.provider.aws"
                },
                "data.aws_iam_policy_document.auto_discover_cluster": {
                    "type": "aws_iam_policy_document",
                    "depends_on": [],
                    "primary": {
                        "id": "2069168386",
                        "attributes": {
                            "id": "2069168386",
                            "json": "{\n  \"Version\": \"2012-10-17\",\n  \"Statement\": [\n    {\n      \"Sid\": \"\",\n      \"Effect\": \"Allow\",\n      \"Action\": [\n        \"ec2:DescribeTags\",\n        \"ec2:DescribeInstances\",\n        \"autoscaling:DescribeAutoScalingGroups\"\n      ],\n      \"Resource\": \"*\"\n    }\n  ]\n}",
                            "statement.#": "1",
                            "statement.0.actions.#": "3",
                            "statement.0.actions.1274732150": "autoscaling:DescribeAutoScalingGroups",
                            "statement.0.actions.3466923763": "ec2:DescribeInstances",
                            "statement.0.actions.810672830": "ec2:DescribeTags",
                            "statement.0.condition.#": "0",
                            "statement.0.effect": "Allow",
                            "statement.0.not_actions.#": "0",
                            "statement.0.not_principals.#": "0",
                            "statement.0.not_resources.#": "0",
                            "statement.0.principals.#": "0",
                            "statement.0.resources.#": "1",
                            "statement.0.resources.2679715827": "*",
                            "statement.0.sid": ""
                        },
                        "meta": {},
                        "tainted": false
                    },
                    "deposed": [],
                    "provider": "module.consul.provider.aws"
                }
            },
            "depends_on": []
        },
        {
            "path": [
                "root",
                "consul",
                "consul_clients",
                "security_group_rules"
            ],
            "outputs": {},
            "resources": {
                "aws_security_group_rule.allow_cli_rpc_inbound": {
                    "type": "aws_security_group_rule",
                    "depends_on": [],
                    "primary": {
                        "id": "sgrule-2733669002",
                        "attributes": {
                            "cidr_blocks.#": "1",
                            "cidr_blocks.0": "0.0.0.0/0",
                            "description": "",
                            "from_port": "8400",
                            "id": "sgrule-2733669002",
                            "ipv6_cidr_blocks.#": "0",
                            "prefix_list_ids.#": "0",
                            "protocol": "tcp",
                            "security_group_id": "sg-d3a921bb",
                            "self": "false",
                            "to_port": "8400",
                            "type": "ingress"
                        },
                        "meta": {
                            "schema_version": "2"
                        },
                        "tainted": false
                    },
                    "deposed": [],
                    "provider": "module.consul.provider.aws"
                },
                "aws_security_group_rule.allow_dns_tcp_inbound": {
                    "type": "aws_security_group_rule",
                    "depends_on": [],
                    "primary": {
                        "id": "sgrule-2859851847",
                        "attributes": {
                            "cidr_blocks.#": "1",
                            "cidr_blocks.0": "0.0.0.0/0",
                            "description": "",
                            "from_port": "8600",
                            "id": "sgrule-2859851847",
                            "ipv6_cidr_blocks.#": "0",
                            "prefix_list_ids.#": "0",
                            "protocol": "tcp",
                            "security_group_id": "sg-d3a921bb",
                            "self": "false",
                            "to_port": "8600",
                            "type": "ingress"
                        },
                        "meta": {
                            "schema_version": "2"
                        },
                        "tainted": false
                    },
                    "deposed": [],
                    "provider": "module.consul.provider.aws"
                },
                "aws_security_group_rule.allow_dns_udp_inbound": {
                    "type": "aws_security_group_rule",
                    "depends_on": [],
                    "primary": {
                        "id": "sgrule-3568960223",
                        "attributes": {
                            "cidr_blocks.#": "1",
                            "cidr_blocks.0": "0.0.0.0/0",
                            "description": "",
                            "from_port": "8600",
                            "id": "sgrule-3568960223",
                            "ipv6_cidr_blocks.#": "0",
                            "prefix_list_ids.#": "0",
                            "protocol": "udp",
                            "security_group_id": "sg-d3a921bb",
                            "self": "false",
                            "to_port": "8600",
                            "type": "ingress"
                        },
                        "meta": {
                            "schema_version": "2"
                        },
                        "tainted": false
                    },
                    "deposed": [],
                    "provider": "module.consul.provider.aws"
                },
                "aws_security_group_rule.allow_http_api_inbound": {
                    "type": "aws_security_group_rule",
                    "depends_on": [],
                    "primary": {
                        "id": "sgrule-1258960076",
                        "attributes": {
                            "cidr_blocks.#": "1",
                            "cidr_blocks.0": "0.0.0.0/0",
                            "description": "",
                            "from_port": "8500",
                            "id": "sgrule-1258960076",
                            "ipv6_cidr_blocks.#": "0",
                            "prefix_list_ids.#": "0",
                            "protocol": "tcp",
                            "security_group_id": "sg-d3a921bb",
                            "self": "false",
                            "to_port": "8500",
                            "type": "ingress"
                        },
                        "meta": {
                            "schema_version": "2"
                        },
                        "tainted": false
                    },
                    "deposed": [],
                    "provider": "module.consul.provider.aws"
                },
                "aws_security_group_rule.allow_serf_lan_tcp_inbound": {
                    "type": "aws_security_group_rule",
                    "depends_on": [],
                    "primary": {
                        "id": "sgrule-2963679128",
                        "attributes": {
                            "cidr_blocks.#": "1",
                            "cidr_blocks.0": "0.0.0.0/0",
                            "description": "",
                            "from_port": "8301",
                            "id": "sgrule-2963679128",
                            "ipv6_cidr_blocks.#": "0",
                            "prefix_list_ids.#": "0",
                            "protocol": "tcp",
                            "security_group_id": "sg-d3a921bb",
                            "self": "false",
                            "to_port": "8301",
                            "type": "ingress"
                        },
                        "meta": {
                            "schema_version": "2"
                        },
                        "tainted": false
                    },
                    "deposed": [],
                    "provider": "module.consul.provider.aws"
                },
                "aws_security_group_rule.allow_serf_lan_udp_inbound": {
                    "type": "aws_security_group_rule",
                    "depends_on": [],
                    "primary": {
                        "id": "sgrule-3463038208",
                        "attributes": {
                            "cidr_blocks.#": "1",
                            "cidr_blocks.0": "0.0.0.0/0",
                            "description": "",
                            "from_port": "8301",
                            "id": "sgrule-3463038208",
                            "ipv6_cidr_blocks.#": "0",
                            "prefix_list_ids.#": "0",
                            "protocol": "udp",
                            "security_group_id": "sg-d3a921bb",
                            "self": "false",
                            "to_port": "8301",
                            "type": "ingress"
                        },
                        "meta": {
                            "schema_version": "2"
                        },
                        "tainted": false
                    },
                    "deposed": [],
                    "provider": "module.consul.provider.aws"
                },
                "aws_security_group_rule.allow_serf_wan_tcp_inbound": {
                    "type": "aws_security_group_rule",
                    "depends_on": [],
                    "primary": {
                        "id": "sgrule-1303438812",
                        "attributes": {
                            "cidr_blocks.#": "1",
                            "cidr_blocks.0": "0.0.0.0/0",
                            "description": "",
                            "from_port": "8302",
                            "id": "sgrule-1303438812",
                            "ipv6_cidr_blocks.#": "0",
                            "prefix_list_ids.#": "0",
                            "protocol": "tcp",
                            "security_group_id": "sg-d3a921bb",
                            "self": "false",
                            "to_port": "8302",
                            "type": "ingress"
                        },
                        "meta": {
                            "schema_version": "2"
                        },
                        "tainted": false
                    },
                    "deposed": [],
                    "provider": "module.consul.provider.aws"
                },
                "aws_security_group_rule.allow_serf_wan_udp_inbound": {
                    "type": "aws_security_group_rule",
                    "depends_on": [],
                    "primary": {
                        "id": "sgrule-863962948",
                        "attributes": {
                            "cidr_blocks.#": "1",
                            "cidr_blocks.0": "0.0.0.0/0",
                            "description": "",
                            "from_port": "8302",
                            "id": "sgrule-863962948",
                            "ipv6_cidr_blocks.#": "0",
                            "prefix_list_ids.#": "0",
                            "protocol": "udp",
                            "security_group_id": "sg-d3a921bb",
                            "self": "false",
                            "to_port": "8302",
                            "type": "ingress"
                        },
                        "meta": {
                            "schema_version": "2"
                        },
                        "tainted": false
                    },
                    "deposed": [],
                    "provider": "module.consul.provider.aws"
                },
                "aws_security_group_rule.allow_server_rpc_inbound": {
                    "type": "aws_security_group_rule",
                    "depends_on": [],
                    "primary": {
                        "id": "sgrule-1384422299",
                        "attributes": {
                            "cidr_blocks.#": "1",
                            "cidr_blocks.0": "0.0.0.0/0",
                            "description": "",
                            "from_port": "8300",
                            "id": "sgrule-1384422299",
                            "ipv6_cidr_blocks.#": "0",
                            "prefix_list_ids.#": "0",
                            "protocol": "tcp",
                            "security_group_id": "sg-d3a921bb",
                            "self": "false",
                            "to_port": "8300",
                            "type": "ingress"
                        },
                        "meta": {
                            "schema_version": "2"
                        },
                        "tainted": false
                    },
                    "deposed": [],
                    "provider": "module.consul.provider.aws"
                }
            },
            "depends_on": []
        },
        {
            "path": [
                "root",
                "consul",
                "consul_servers",
                "iam_policies"
            ],
            "outputs": {},
            "resources": {
                "aws_iam_role_policy.auto_discover_cluster": {
                    "type": "aws_iam_role_policy",
                    "depends_on": [
                        "data.aws_iam_policy_document.auto_discover_cluster"
                    ],
                    "primary": {
                        "id": "consul-example-server20171220150205832100000002:auto-discover-cluster",
                        "attributes": {
                            "id": "consul-example-server20171220150205832100000002:auto-discover-cluster",
                            "name": "auto-discover-cluster",
                            "policy": "{\n  \"Version\": \"2012-10-17\",\n  \"Statement\": [\n    {\n      \"Sid\": \"\",\n      \"Effect\": \"Allow\",\n      \"Action\": [\n        \"ec2:DescribeTags\",\n        \"ec2:DescribeInstances\",\n        \"autoscaling:DescribeAutoScalingGroups\"\n      ],\n      \"Resource\": \"*\"\n    }\n  ]\n}",
                            "role": "consul-example-server20171220150205832100000002"
                        },
                        "meta": {},
                        "tainted": false
                    },
                    "deposed": [],
                    "provider": "module.consul.provider.aws"
                },
                "data.aws_iam_policy_document.auto_discover_cluster": {
                    "type": "aws_iam_policy_document",
                    "depends_on": [],
                    "primary": {
                        "id": "2069168386",
                        "attributes": {
                            "id": "2069168386",
                            "json": "{\n  \"Version\": \"2012-10-17\",\n  \"Statement\": [\n    {\n      \"Sid\": \"\",\n      \"Effect\": \"Allow\",\n      \"Action\": [\n        \"ec2:DescribeTags\",\n        \"ec2:DescribeInstances\",\n        \"autoscaling:DescribeAutoScalingGroups\"\n      ],\n      \"Resource\": \"*\"\n    }\n  ]\n}",
                            "statement.#": "1",
                            "statement.0.actions.#": "3",
                            "statement.0.actions.1274732150": "autoscaling:DescribeAutoScalingGroups",
                            "statement.0.actions.3466923763": "ec2:DescribeInstances",
                            "statement.0.actions.810672830": "ec2:DescribeTags",
                            "statement.0.condition.#": "0",
                            "statement.0.effect": "Allow",
                            "statement.0.not_actions.#": "0",
                            "statement.0.not_principals.#": "0",
                            "statement.0.not_resources.#": "0",
                            "statement.0.principals.#": "0",
                            "statement.0.resources.#": "1",
                            "statement.0.resources.2679715827": "*",
                            "statement.0.sid": ""
                        },
                        "meta": {},
                        "tainted": false
                    },
                    "deposed": [],
                    "provider": "module.consul.provider.aws"
                }
            },
            "depends_on": []
        },
        {
            "path": [
                "root",
                "consul",
                "consul_servers",
                "security_group_rules"
            ],
            "outputs": {},
            "resources": {
                "aws_security_group_rule.allow_cli_rpc_inbound": {
                    "type": "aws_security_group_rule",
                    "depends_on": [],
                    "primary": {
                        "id": "sgrule-2585262056",
                        "attributes": {
                            "cidr_blocks.#": "1",
                            "cidr_blocks.0": "0.0.0.0/0",
                            "description": "",
                            "from_port": "8400",
                            "id": "sgrule-2585262056",
                            "ipv6_cidr_blocks.#": "0",
                            "prefix_list_ids.#": "0",
                            "protocol": "tcp",
                            "security_group_id": "sg-6faa2207",
                            "self": "false",
                            "to_port": "8400",
                            "type": "ingress"
                        },
                        "meta": {
                            "schema_version": "2"
                        },
                        "tainted": false
                    },
                    "deposed": [],
                    "provider": "module.consul.provider.aws"
                },
                "aws_security_group_rule.allow_dns_tcp_inbound": {
                    "type": "aws_security_group_rule",
                    "depends_on": [],
                    "primary": {
                        "id": "sgrule-2459069733",
                        "attributes": {
                            "cidr_blocks.#": "1",
                            "cidr_blocks.0": "0.0.0.0/0",
                            "description": "",
                            "from_port": "8600",
                            "id": "sgrule-2459069733",
                            "ipv6_cidr_blocks.#": "0",
                            "prefix_list_ids.#": "0",
                            "protocol": "tcp",
                            "security_group_id": "sg-6faa2207",
                            "self": "false",
                            "to_port": "8600",
                            "type": "ingress"
                        },
                        "meta": {
                            "schema_version": "2"
                        },
                        "tainted": false
                    },
                    "deposed": [],
                    "provider": "module.consul.provider.aws"
                },
                "aws_security_group_rule.allow_dns_udp_inbound": {
                    "type": "aws_security_group_rule",
                    "depends_on": [],
                    "primary": {
                        "id": "sgrule-3965554621",
                        "attributes": {
                            "cidr_blocks.#": "1",
                            "cidr_blocks.0": "0.0.0.0/0",
                            "description": "",
                            "from_port": "8600",
                            "id": "sgrule-3965554621",
                            "ipv6_cidr_blocks.#": "0",
                            "prefix_list_ids.#": "0",
                            "protocol": "udp",
                            "security_group_id": "sg-6faa2207",
                            "self": "false",
                            "to_port": "8600",
                            "type": "ingress"
                        },
                        "meta": {
                            "schema_version": "2"
                        },
                        "tainted": false
                    },
                    "deposed": [],
                    "provider": "module.consul.provider.aws"
                },
                "aws_security_group_rule.allow_http_api_inbound": {
                    "type": "aws_security_group_rule",
                    "depends_on": [],
                    "primary": {
                        "id": "sgrule-1944959406",
                        "attributes": {
                            "cidr_blocks.#": "1",
                            "cidr_blocks.0": "0.0.0.0/0",
                            "description": "",
                            "from_port": "8500",
                            "id": "sgrule-1944959406",
                            "ipv6_cidr_blocks.#": "0",
                            "prefix_list_ids.#": "0",
                            "protocol": "tcp",
                            "security_group_id": "sg-6faa2207",
                            "self": "false",
                            "to_port": "8500",
                            "type": "ingress"
                        },
                        "meta": {
                            "schema_version": "2"
                        },
                        "tainted": false
                    },
                    "deposed": [],
                    "provider": "module.consul.provider.aws"
                },
                "aws_security_group_rule.allow_serf_lan_tcp_inbound": {
                    "type": "aws_security_group_rule",
                    "depends_on": [],
                    "primary": {
                        "id": "sgrule-2286004986",
                        "attributes": {
                            "cidr_blocks.#": "1",
                            "cidr_blocks.0": "0.0.0.0/0",
                            "description": "",
                            "from_port": "8301",
                            "id": "sgrule-2286004986",
                            "ipv6_cidr_blocks.#": "0",
                            "prefix_list_ids.#": "0",
                            "protocol": "tcp",
                            "security_group_id": "sg-6faa2207",
                            "self": "false",
                            "to_port": "8301",
                            "type": "ingress"
                        },
                        "meta": {
                            "schema_version": "2"
                        },
                        "tainted": false
                    },
                    "deposed": [],
                    "provider": "module.consul.provider.aws"
                },
                "aws_security_group_rule.allow_serf_lan_udp_inbound": {
                    "type": "aws_security_group_rule",
                    "depends_on": [],
                    "primary": {
                        "id": "sgrule-4136519778",
                        "attributes": {
                            "cidr_blocks.#": "1",
                            "cidr_blocks.0": "0.0.0.0/0",
                            "description": "",
                            "from_port": "8301",
                            "id": "sgrule-4136519778",
                            "ipv6_cidr_blocks.#": "0",
                            "prefix_list_ids.#": "0",
                            "protocol": "udp",
                            "security_group_id": "sg-6faa2207",
                            "self": "false",
                            "to_port": "8301",
                            "type": "ingress"
                        },
                        "meta": {
                            "schema_version": "2"
                        },
                        "tainted": false
                    },
                    "deposed": [],
                    "provider": "module.consul.provider.aws"
                },
                "aws_security_group_rule.allow_serf_wan_tcp_inbound": {
                    "type": "aws_security_group_rule",
                    "depends_on": [],
                    "primary": {
                        "id": "sgrule-1968662718",
                        "attributes": {
                            "cidr_blocks.#": "1",
                            "cidr_blocks.0": "0.0.0.0/0",
                            "description": "",
                            "from_port": "8302",
                            "id": "sgrule-1968662718",
                            "ipv6_cidr_blocks.#": "0",
                            "prefix_list_ids.#": "0",
                            "protocol": "tcp",
                            "security_group_id": "sg-6faa2207",
                            "self": "false",
                            "to_port": "8302",
                            "type": "ingress"
                        },
                        "meta": {
                            "schema_version": "2"
                        },
                        "tainted": false
                    },
                    "deposed": [],
                    "provider": "module.consul.provider.aws"
                },
                "aws_security_group_rule.allow_serf_wan_udp_inbound": {
                    "type": "aws_security_group_rule",
                    "depends_on": [],
                    "primary": {
                        "id": "sgrule-194546214",
                        "attributes": {
                            "cidr_blocks.#": "1",
                            "cidr_blocks.0": "0.0.0.0/0",
                            "description": "",
                            "from_port": "8302",
                            "id": "sgrule-194546214",
                            "ipv6_cidr_blocks.#": "0",
                            "prefix_list_ids.#": "0",
                            "protocol": "udp",
                            "security_group_id": "sg-6faa2207",
                            "self": "false",
                            "to_port": "8302",
                            "type": "ingress"
                        },
                        "meta": {
                            "schema_version": "2"
                        },
                        "tainted": false
                    },
                    "deposed": [],
                    "provider": "module.consul.provider.aws"
                },
                "aws_security_group_rule.allow_server_rpc_inbound": {
                    "type": "aws_security_group_rule",
                    "depends_on": [],
                    "primary": {
                        "id": "sgrule-1784878841",
                        "attributes": {
                            "cidr_blocks.#": "1",
                            "cidr_blocks.0": "0.0.0.0/0",
                            "description": "",
                            "from_port": "8300",
                            "id": "sgrule-1784878841",
                            "ipv6_cidr_blocks.#": "0",
                            "prefix_list_ids.#": "0",
                            "protocol": "tcp",
                            "security_group_id": "sg-6faa2207",
                            "self": "false",
                            "to_port": "8300",
                            "type": "ingress"
                        },
                        "meta": {
                            "schema_version": "2"
                        },
                        "tainted": false
                    },
                    "deposed": [],
                    "provider": "module.consul.provider.aws"
                }
            },
            "depends_on": []
        }
    ]
}
